
Microsoft Visual Studio Solution File, Format Version 12.00
# Visual Studio Version 16
VisualStudioVersion = 16.0.29709.97
MinimumVisualStudioVersion = 10.0.40219.1
Project("{9A19103F-16F7-4668-BE54-9A1E7A4F7556}") = "LogementDAO", "LogementDAO\LogementDAO.csproj", "{170668F6-B9CC-474A-A594-D3DB63D2FC28}"
EndProject
Project("{9A19103F-16F7-4668-BE54-9A1E7A4F7556}") = "ControleurLog", "..\ControleurLog\ControleurLog.csproj", "{B5B21B2A-5C8E-403F-AE89-11CE95196D50}"
EndProject
Project("{9A19103F-16F7-4668-BE54-9A1E7A4F7556}") = "ModeleLog", "..\ModeleLog\ModeleLog.csproj", "{E6C12BFC-9E57-4DB9-9076-FBDA13B4B4AB}"
EndProject
Project("{FAE04EC0-301F-11D3-BF4B-00C04F79EFBC}") = "LogementForm", "..\LogementForm\LogementForm.csproj", "{732E76E5-36F6-443F-A067-E254FF7852DD}"
EndProject
Project("{FAE04EC0-301F-11D3-BF4B-00C04F79EFBC}") = "LogementXML", "LogementXML\LogementXML.csproj", "{D7338A44-2441-467F-9119-182DF91D50AE}"
EndProject
Global
	GlobalSection(SolutionConfigurationPlatforms) = preSolution
		Debug|Any CPU = Debug|Any CPU
		Release|Any CPU = Release|Any CPU
	EndGlobalSection
	GlobalSection(ProjectConfigurationPlatforms) = postSolution
		{170668F6-B9CC-474A-A594-D3DB63D2FC28}.Debug|Any CPU.ActiveCfg = Debug|Any CPU
		{170668F6-B9CC-474A-A594-D3DB63D2FC28}.Debug|Any CPU.Build.0 = Debug|Any CPU
		{170668F6-B9CC-474A-A594-D3DB63D2FC28}.Release|Any CPU.ActiveCfg = Release|Any CPU
		{170668F6-B9CC-474A-A594-D3DB63D2FC28}.Release|Any CPU.Build.0 = Release|Any CPU
		{B5B21B2A-5C8E-403F-AE89-11CE95196D50}.Debug|Any CPU.ActiveCfg = Debug|Any CPU
		{B5B21B2A-5C8E-403F-AE89-11CE95196D50}.Debug|Any CPU.Build.0 = Debug|Any CPU
		{B5B21B2A-5C8E-403F-AE89-11CE95196D50}.Release|Any CPU.ActiveCfg = Release|Any CPU
		{B5B21B2A-5C8E-403F-AE89-11CE95196D50}.Release|Any CPU.Build.0 = Release|Any CPU
		{E6C12BFC-9E57-4DB9-9076-FBDA13B4B4AB}.Debug|Any CPU.ActiveCfg = Debug|Any CPU
		{E6C12BFC-9E57-4DB9-9076-FBDA13B4B4AB}.Debug|Any CPU.Build.0 = Debug|Any CPU
		{E6C12BFC-9E57-4DB9-9076-FBDA13B4B4AB}.Release|Any CPU.ActiveCfg = Release|Any CPU
		{E6C12BFC-9E57-4DB9-9076-FBDA13B4B4AB}.Release|Any CPU.Build.0 = Release|Any CPU
		{732E76E5-36F6-443F-A067-E254FF7852DD}.Debug|Any CPU.ActiveCfg = Debug|Any CPU
		{732E76E5-36F6-443F-A067-E254FF7852DD}.Debug|Any CPU.Build.0 = Debug|Any CPU
		{732E76E5-36F6-443F-A067-E254FF7852DD}.Release|Any CPU.ActiveCfg = Release|Any CPU
		{732E76E5-36F6-443F-A067-E254FF7852DD}.Release|Any CPU.Build.0 = Release|Any CPU
		{D7338A44-2441-467F-9119-182DF91D50AE}.Debug|Any CPU.ActiveCfg = Debug|Any CPU
		{D7338A44-2441-467F-9119-182DF91D50AE}.Debug|Any CPU.Build.0 = Debug|Any CPU
		{D7338A44-2441-467F-9119-182DF91D50AE}.Release|Any CPU.ActiveCfg = Release|Any CPU
		{D7338A44-2441-467F-9119-182DF91D50AE}.Release|Any CPU.Build.0 = Release|Any CPU
	EndGlobalSection
	GlobalSection(SolutionProperties) = preSolution
		HideSolutionNode = FALSE
	EndGlobalSection
	GlobalSection(ExtensibilityGlobals) = postSolution
		SolutionGuid = {4DDC543B-AAC2-4F9F-B38D-A70F67510EF1}
	EndGlobalSection
EndGlobal
